
Microsoft Visual Studio Solution File, Format Version 12.00
# Visual Studio Version 17
VisualStudioVersion = 17.11.35327.3
MinimumVisualStudioVersion = 10.0.40219.1
Project("{FAE04EC0-301F-11D3-BF4B-00C04F79EFBC}") = "Snake1", "Snake1\Snake1.csproj", "{0BF8E833-BD90-4741-A74B-1AFF67693B46}"
EndProject
Global
	GlobalSection(SolutionConfigurationPlatforms) = preSolution
		Debug|Any CPU = Debug|Any CPU
		Release|Any CPU = Release|Any CPU
	EndGlobalSection
	GlobalSection(ProjectConfigurationPlatforms) = postSolution
		{0BF8E833-BD90-4741-A74B-1AFF67693B46}.Debug|Any CPU.ActiveCfg = Debug|Any CPU
		{0BF8E833-BD90-4741-A74B-1AFF67693B46}.Debug|Any CPU.Build.0 = Debug|Any CPU
		{0BF8E833-BD90-4741-A74B-1AFF67693B46}.Release|Any CPU.ActiveCfg = Release|Any CPU
		{0BF8E833-BD90-4741-A74B-1AFF67693B46}.Release|Any CPU.Build.0 = Release|Any CPU
	EndGlobalSection
	GlobalSection(SolutionProperties) = preSolution
		HideSolutionNode = FALSE
	EndGlobalSection
	GlobalSection(ExtensibilityGlobals) = postSolution
		SolutionGuid = {A3CBFB11-873E-4A3F-BF5C-D48309AF94A1}
	EndGlobalSection
EndGlobal
